
Microsoft Visual Studio Solution File, Format Version 12.00
# Visual Studio Version 17
VisualStudioVersion = 17.8.34322.80
MinimumVisualStudioVersion = 10.0.40219.1
Project("{FAE04EC0-301F-11D3-BF4B-00C04F79EFBC}") = "ChatRoom.API", "ChatRoom.API\ChatRoom.API.csproj", "{A24A9468-E566-44A7-A22E-875DA3A16DEF}"
EndProject
Global
	GlobalSection(SolutionConfigurationPlatforms) = preSolution
		Debug|Any CPU = Debug|Any CPU
		Release|Any CPU = Release|Any CPU
	EndGlobalSection
	GlobalSection(ProjectConfigurationPlatforms) = postSolution
		{A24A9468-E566-44A7-A22E-875DA3A16DEF}.Debug|Any CPU.ActiveCfg = Debug|Any CPU
		{A24A9468-E566-44A7-A22E-875DA3A16DEF}.Debug|Any CPU.Build.0 = Debug|Any CPU
		{A24A9468-E566-44A7-A22E-875DA3A16DEF}.Release|Any CPU.ActiveCfg = Release|Any CPU
		{A24A9468-E566-44A7-A22E-875DA3A16DEF}.Release|Any CPU.Build.0 = Release|Any CPU
	EndGlobalSection
	GlobalSection(SolutionProperties) = preSolution
		HideSolutionNode = FALSE
	EndGlobalSection
	GlobalSection(ExtensibilityGlobals) = postSolution
		SolutionGuid = {ED430BA3-DBE7-4495-90B3-E61B1E2F6512}
	EndGlobalSection
EndGlobal
